
Microsoft Visual Studio Solution File, Format Version 12.00
# Visual Studio Version 16
VisualStudioVersion = 16.0.29020.237
MinimumVisualStudioVersion = 10.0.40219.1
Project("{FAE04EC0-301F-11D3-BF4B-00C04F79EFBC}") = "RealmNFTBot", "RealmNFTBot\RealmNFTBot.csproj", "{B73FE667-A317-4BBE-A2B5-A48F0FBD63C9}"
EndProject
Global
	GlobalSection(SolutionConfigurationPlatforms) = preSolution
		Debug|Any CPU = Debug|Any CPU
		Release|Any CPU = Release|Any CPU
	EndGlobalSection
	GlobalSection(ProjectConfigurationPlatforms) = postSolution
		{B73FE667-A317-4BBE-A2B5-A48F0FBD63C9}.Debug|Any CPU.ActiveCfg = Debug|Any CPU
		{B73FE667-A317-4BBE-A2B5-A48F0FBD63C9}.Debug|Any CPU.Build.0 = Debug|Any CPU
		{B73FE667-A317-4BBE-A2B5-A48F0FBD63C9}.Release|Any CPU.ActiveCfg = Release|Any CPU
		{B73FE667-A317-4BBE-A2B5-A48F0FBD63C9}.Release|Any CPU.Build.0 = Release|Any CPU
	EndGlobalSection
	GlobalSection(SolutionProperties) = preSolution
		HideSolutionNode = FALSE
	EndGlobalSection
	GlobalSection(ExtensibilityGlobals) = postSolution
		SolutionGuid = {827151D6-2C7E-405D-B3B5-BCED6D404305}
	EndGlobalSection
EndGlobal
